<?xml version="1.0" encoding="utf-8"?>
<Project ToolsVersion="4.0" xmlns="http://schemas.microsoft.com/developer/msbuild/2003">
  <ItemGroup>
    <Filter Include="Source Files">
      <UniqueIdentifier>{4FC737F1-C7A5-4376-A066-2A32D752A2FF}</UniqueIdentifier>
      <Extensions>cpp;c;cc;cxx;c++;cppm;ixx;def;odl;idl;hpj;bat;asm;asmx</Extensions>
    </Filter>
    <Filter Include="Header Files">
      <UniqueIdentifier>{93995380-89BD-4b04-88EB-625FBE52EBFB}</UniqueIdentifier>
      <Extensions>h;hh;hpp;hxx;h++;hm;inl;inc;ipp;xsd</Extensions>
    </Filter>
    <Filter Include="Resource Files">
      <UniqueIdentifier>{67DA6AB6-F800-4c08-8B7A-83BB121AAD01}</UniqueIdentifier>
      <Extensions>rc;ico;cur;bmp;dlg;rc2;rct;bin;rgs;gif;jpg;jpeg;jpe;resx;tiff;tif;png;wav;mfcribbon-ms</Extensions>
    </Filter>
    <Filter Include="Game">
      <UniqueIdentifier>{afc46e19-3713-43f7-b1cf-4017fc9da391}</UniqueIdentifier>
    </Filter>
    <Filter Include="Game\Achievements">
      <UniqueIdentifier>{1b01d725-116a-4721-a701-45680a884bd2}</UniqueIdentifier>
    </Filter>
    <Filter Include="Game\Commands">
      <UniqueIdentifier>{b517208f-8689-4435-a190-c568f9357881}</UniqueIdentifier>
    </Filter>
    <Filter Include="Game\Player">
      <UniqueIdentifier>{fb00007f-8059-4304-a7e2-b07a528dd2c2}</UniqueIdentifier>
    </Filter>
    <Filter Include="Game\Tools">
      <UniqueIdentifier>{3c35f10b-2b92-4543-8fac-b2a90492f067}</UniqueIdentifier>
    </Filter>
    <Filter Include="Game\Scenes">
      <UniqueIdentifier>{1aab7e8e-b727-4329-b10e-3cbb5d42be7c}</UniqueIdentifier>
    </Filter>
    <Filter Include="Game\Projectiles">
      <UniqueIdentifier>{d4f29986-1570-45e5-a495-277428d03e22}</UniqueIdentifier>
    </Filter>
    <Filter Include="Game\Menu">
      <UniqueIdentifier>{bc41a337-57e7-418c-a593-33eb859ce632}</UniqueIdentifier>
    </Filter>
  </ItemGroup>
  <ItemGroup>
    <ClCompile Include="AchievementHandler.cpp">
      <Filter>Game\Achievements</Filter>
    </ClCompile>
    <ClCompile Include="Achievements.cpp">
      <Filter>Game\Achievements</Filter>
    </ClCompile>
    <ClCompile Include="AddScoreCommand.cpp">
      <Filter>Game\Commands</Filter>
    </ClCompile>
    <ClCompile Include="MovePlayerCommand.cpp">
      <Filter>Game\Commands</Filter>
    </ClCompile>
    <ClCompile Include="PlayerDamageCommand.cpp">
      <Filter>Game\Commands</Filter>
    </ClCompile>
    <ClCompile Include="PlayerHealthComponent.cpp">
      <Filter>Game\Player</Filter>
    </ClCompile>
    <ClCompile Include="HealtBarComponent.cpp">
      <Filter>Game\Player</Filter>
    </ClCompile>
    <ClCompile Include="ScoreComponent.cpp">
      <Filter>Game\Player</Filter>
    </ClCompile>
    <ClCompile Include="FPSCounterComponent.cpp">
      <Filter>Game\Tools</Filter>
    </ClCompile>
    <ClCompile Include="RotatorComponent.cpp">
      <Filter>Game\Tools</Filter>
    </ClCompile>
    <ClCompile Include="Menu.cpp">
      <Filter>Game\Scenes</Filter>
    </ClCompile>
    <ClCompile Include="BattleScene.cpp">
      <Filter>Game\Scenes</Filter>
    </ClCompile>
    <ClCompile Include="Main.cpp">
      <Filter>Source Files</Filter>
    </ClCompile>
    <ClCompile Include="PrefabFactory.cpp">
      <Filter>Game</Filter>
    </ClCompile>
    <ClCompile Include="TestScene.cpp">
      <Filter>Game\Scenes</Filter>
    </ClCompile>
    <ClCompile Include="PlayerShootCommand.cpp">
      <Filter>Game\Commands</Filter>
    </ClCompile>
    <ClCompile Include="Projectile.cpp">
      <Filter>Game\Projectiles</Filter>
    </ClCompile>
    <ClCompile Include="GameLoop.cpp">
      <Filter>Game</Filter>
    </ClCompile>
    <ClCompile Include="ColliderTestScene.cpp">
      <Filter>Game\Scenes</Filter>
    </ClCompile>
    <ClCompile Include="PlayerAimCommand.cpp">
      <Filter>Game\Commands</Filter>
    </ClCompile>
    <ClCompile Include="StartGameCommand.cpp">
      <Filter>Game\Commands</Filter>
    </ClCompile>
    <ClCompile Include="MainMenu.cpp">
      <Filter>Game\Scenes</Filter>
    </ClCompile>
    <ClCompile Include="MenuMoveCommand.cpp">
      <Filter>Game\Commands</Filter>
    </ClCompile>
    <ClCompile Include="MenuComponent.cpp">
      <Filter>Game\Menu</Filter>
    </ClCompile>
  </ItemGroup>
  <ItemGroup>
    <ClInclude Include="Achievements.h">
      <Filter>Game\Achievements</Filter>
    </ClInclude>
    <ClInclude Include="AchievementHandler.h">
      <Filter>Game\Achievements</Filter>
    </ClInclude>
    <ClInclude Include="AddScoreCommand.h">
      <Filter>Game\Commands</Filter>
    </ClInclude>
    <ClInclude Include="MovePlayerCommand.h">
      <Filter>Game\Commands</Filter>
    </ClInclude>
    <ClInclude Include="PlayerDamageCommand.h">
      <Filter>Game\Commands</Filter>
    </ClInclude>
    <ClInclude Include="ScoreComponent.h">
      <Filter>Game\Player</Filter>
    </ClInclude>
    <ClInclude Include="PlayerHealthComponent.h">
      <Filter>Game\Player</Filter>
    </ClInclude>
    <ClInclude Include="HealtBarComponent.h">
      <Filter>Game\Player</Filter>
    </ClInclude>
    <ClInclude Include="FPSCounterComponent.h">
      <Filter>Game\Tools</Filter>
    </ClInclude>
    <ClInclude Include="RotatorComponent.h">
      <Filter>Game\Tools</Filter>
    </ClInclude>
    <ClInclude Include="Menu.h">
      <Filter>Game\Scenes</Filter>
    </ClInclude>
    <ClInclude Include="BattleScene.h">
      <Filter>Game\Scenes</Filter>
    </ClInclude>
    <ClInclude Include="PrefabFactory.h">
      <Filter>Game</Filter>
    </ClInclude>
    <ClInclude Include="TestScene.h">
      <Filter>Game\Scenes</Filter>
    </ClInclude>
    <ClInclude Include="PlayerShootCommand.h">
      <Filter>Game\Commands</Filter>
    </ClInclude>
    <ClInclude Include="Projectile.h">
      <Filter>Game\Projectiles</Filter>
    </ClInclude>
    <ClInclude Include="GameLoop.h">
      <Filter>Game</Filter>
    </ClInclude>
    <ClInclude Include="ColliderTestScene.h">
      <Filter>Game\Scenes</Filter>
    </ClInclude>
    <ClInclude Include="PlayerAimCommand.h">
      <Filter>Game\Commands</Filter>
    </ClInclude>
    <ClInclude Include="StartGameCommand.h">
      <Filter>Game\Commands</Filter>
    </ClInclude>
    <ClInclude Include="MainMenu.h">
      <Filter>Game\Scenes</Filter>
    </ClInclude>
    <ClInclude Include="MenuMoveCommand.h">
      <Filter>Game\Commands</Filter>
    </ClInclude>
    <ClInclude Include="MenuComponent.h">
      <Filter>Game\Menu</Filter>
    </ClInclude>
  </ItemGroup>
</Project>