<?xml version="1.0" encoding="utf-8"?>
<Project ToolsVersion="4.0" xmlns="http://schemas.microsoft.com/developer/msbuild/2003">
  <ItemGroup>
    <Filter Include="Source Files">
      <UniqueIdentifier>{4FC737F1-C7A5-4376-A066-2A32D752A2FF}</UniqueIdentifier>
      <Extensions>cpp;c;cc;cxx;def;odl;idl;hpj;bat;asm;asmx</Extensions>
    </Filter>
    <Filter Include="Resource Files">
      <UniqueIdentifier>{67DA6AB6-F800-4c08-8B7A-83BB121AAD01}</UniqueIdentifier>
      <Extensions>rc;ico;cur;bmp;dlg;rc2;rct;bin;rgs;gif;jpg;jpeg;jpe;resx;tiff;tif;png;wav;mfcribbon-ms</Extensions>
    </Filter>
    <Filter Include="Components">
      <UniqueIdentifier>{29d5fdcc-2cd1-4105-b7f0-036083419194}</UniqueIdentifier>
    </Filter>
    <Filter Include="Managers">
      <UniqueIdentifier>{7095abce-2634-45fd-a562-e0670d8c9182}</UniqueIdentifier>
    </Filter>
    <Filter Include="DataTypes">
      <UniqueIdentifier>{93995380-89BD-4b04-88EB-625FBE52EBFB}</UniqueIdentifier>
      <Extensions>h;hh;hpp;hxx;hm;inl;inc;xsd</Extensions>
    </Filter>
    <Filter Include="imgui">
      <UniqueIdentifier>{58e2695f-97cd-4040-80de-f3801d5aaaf3}</UniqueIdentifier>
    </Filter>
    <Filter Include="Managers\Input">
      <UniqueIdentifier>{9515380f-a6f4-4422-9709-e30b3d5990d7}</UniqueIdentifier>
    </Filter>
    <Filter Include="Managers\Input\Commands">
      <UniqueIdentifier>{4b3bb2ab-d987-44f1-998a-d621e812f62c}</UniqueIdentifier>
    </Filter>
    <Filter Include="Observer">
      <UniqueIdentifier>{f2e04e99-3179-45ca-bcd9-4a65f6964ca6}</UniqueIdentifier>
    </Filter>
    <Filter Include="Managers\Services">
      <UniqueIdentifier>{59ddf87d-29fe-4dbc-98ca-308bf73d3f9f}</UniqueIdentifier>
    </Filter>
    <Filter Include="EngineCommands">
      <UniqueIdentifier>{5c249a86-96b1-48d9-82a4-ec190be5b5ff}</UniqueIdentifier>
    </Filter>
    <Filter Include="Editors">
      <UniqueIdentifier>{a592a2d4-56c9-42b6-bbad-3aafe1028e60}</UniqueIdentifier>
    </Filter>
    <Filter Include="Managers\Services\ComponentRegistery">
      <UniqueIdentifier>{213c23e1-b084-4f2c-bd26-79ba8c1b6ea0}</UniqueIdentifier>
    </Filter>
    <Filter Include="Managers\Services\PathFinding">
      <UniqueIdentifier>{129f8124-888a-484f-ac49-a1eed069bae9}</UniqueIdentifier>
    </Filter>
    <Filter Include="Managers\Services\SoundSystem">
      <UniqueIdentifier>{25fd8ea3-ccbd-4cf3-92d2-30c2f60140d5}</UniqueIdentifier>
    </Filter>
    <Filter Include="Managers\Services\PhysicsSystem">
      <UniqueIdentifier>{8bc5bdc5-dd37-403e-a56f-daeb5ae6d5de}</UniqueIdentifier>
    </Filter>
    <Filter Include="Editors\LevelEditor">
      <UniqueIdentifier>{aeee71ab-89c7-4183-8b7d-e100c50a5ab7}</UniqueIdentifier>
    </Filter>
    <Filter Include="Editors\GraphEditor">
      <UniqueIdentifier>{780b0829-d7a8-4314-ab5a-7853d3483f63}</UniqueIdentifier>
    </Filter>
  </ItemGroup>
  <ItemGroup>
    <ClInclude Include="Singleton.h">
      <Filter>DataTypes</Filter>
    </ClInclude>
    <ClInclude Include="Texture2D.h">
      <Filter>DataTypes</Filter>
    </ClInclude>
    <ClInclude Include="GameObject.h">
      <Filter>DataTypes</Filter>
    </ClInclude>
    <ClInclude Include="Scene.h">
      <Filter>DataTypes</Filter>
    </ClInclude>
    <ClInclude Include="Font.h">
      <Filter>DataTypes</Filter>
    </ClInclude>
    <ClInclude Include="Component.h">
      <Filter>Components</Filter>
    </ClInclude>
    <ClInclude Include="TextRenderer.h">
      <Filter>Components</Filter>
    </ClInclude>
    <ClInclude Include="Transform.h">
      <Filter>Components</Filter>
    </ClInclude>
    <ClInclude Include="ResourceManager.h">
      <Filter>Managers</Filter>
    </ClInclude>
    <ClInclude Include="SceneManager.h">
      <Filter>Managers</Filter>
    </ClInclude>
    <ClInclude Include="ImageRenderer.h">
      <Filter>Components</Filter>
    </ClInclude>
    <ClInclude Include="EngineTime.h">
      <Filter>Managers</Filter>
    </ClInclude>
    <ClInclude Include="Renderer.h">
      <Filter>Managers</Filter>
    </ClInclude>
    <ClInclude Include="Vector2.h">
      <Filter>DataTypes</Filter>
    </ClInclude>
    <ClInclude Include="..\3rdParty\imgui\imconfig.h">
      <Filter>imgui</Filter>
    </ClInclude>
    <ClInclude Include="..\3rdParty\imgui\imstb_truetype.h">
      <Filter>imgui</Filter>
    </ClInclude>
    <ClInclude Include="..\3rdParty\imgui\imstb_textedit.h">
      <Filter>imgui</Filter>
    </ClInclude>
    <ClInclude Include="..\3rdParty\imgui\imstb_rectpack.h">
      <Filter>imgui</Filter>
    </ClInclude>
    <ClInclude Include="..\3rdParty\imgui\imgui_internal.h">
      <Filter>imgui</Filter>
    </ClInclude>
    <ClInclude Include="..\3rdParty\imgui\imgui.h">
      <Filter>imgui</Filter>
    </ClInclude>
    <ClInclude Include="..\3rdParty\imgui\backends\imgui_impl_opengl3.h">
      <Filter>imgui</Filter>
    </ClInclude>
    <ClInclude Include="..\3rdParty\imgui\backends\imgui_impl_sdl2.h">
      <Filter>imgui</Filter>
    </ClInclude>
    <ClInclude Include="..\3rdParty\imgui\imgui_plot.h">
      <Filter>imgui</Filter>
    </ClInclude>
    <ClInclude Include="ViewPort.h">
      <Filter>DataTypes</Filter>
    </ClInclude>
    <ClInclude Include="GUI.h">
      <Filter>DataTypes</Filter>
    </ClInclude>
    <ClInclude Include="InputManager.h">
      <Filter>Managers\Input</Filter>
    </ClInclude>
    <ClInclude Include="Command.h">
      <Filter>Managers\Input\Commands</Filter>
    </ClInclude>
    <ClInclude Include="Observers.h">
      <Filter>Observer</Filter>
    </ClInclude>
    <ClInclude Include="ServiceLocator.h">
      <Filter>Managers\Services</Filter>
    </ClInclude>
    <ClInclude Include="BoxCollider2D.h">
      <Filter>Components</Filter>
    </ClInclude>
    <ClInclude Include="CircleCollider.h">
      <Filter>Components</Filter>
    </ClInclude>
    <ClInclude Include="Collider.h">
      <Filter>Components</Filter>
    </ClInclude>
    <ClInclude Include="PhysicsBody.h">
      <Filter>Components</Filter>
    </ClInclude>
    <ClInclude Include="Matrix3x3.h">
      <Filter>DataTypes</Filter>
    </ClInclude>
    <ClInclude Include="GrapEditorCommands.h">
      <Filter>EngineCommands</Filter>
    </ClInclude>
    <ClInclude Include="GameEngine.h">
      <Filter>Source Files</Filter>
    </ClInclude>
    <ClInclude Include="json.hpp">
      <Filter>DataTypes</Filter>
    </ClInclude>
    <ClInclude Include="LevelEditor.h">
      <Filter>Editors\LevelEditor</Filter>
    </ClInclude>
    <ClInclude Include="ComponentRegistery.h">
      <Filter>Managers\Services\ComponentRegistery</Filter>
    </ClInclude>
    <ClInclude Include="PathFinding.h">
      <Filter>Managers\Services\PathFinding</Filter>
    </ClInclude>
    <ClInclude Include="SoundSystem.h">
      <Filter>Managers\Services\SoundSystem</Filter>
    </ClInclude>
    <ClInclude Include="SDL_SoundSystem.h">
      <Filter>Managers\Services\SoundSystem</Filter>
    </ClInclude>
    <ClInclude Include="PhysicsSystem.h">
      <Filter>Managers\Services\PhysicsSystem</Filter>
    </ClInclude>
    <ClInclude Include="GraphEditor.h">
      <Filter>Editors\GraphEditor</Filter>
    </ClInclude>
    <ClInclude Include="LevelEditorCommands.h">
      <Filter>EngineCommands</Filter>
    </ClInclude>
    <ClInclude Include="RenderComponent.h">
      <Filter>Components</Filter>
    </ClInclude>
    <ClInclude Include="Animaton.h">
      <Filter>Components</Filter>
    </ClInclude>
  </ItemGroup>
  <ItemGroup>
    <ClCompile Include="GameEngine.cpp">
      <Filter>Source Files</Filter>
    </ClCompile>
    <ClCompile Include="Component.cpp">
      <Filter>Components</Filter>
    </ClCompile>
    <ClCompile Include="TextRenderer.cpp">
      <Filter>Components</Filter>
    </ClCompile>
    <ClCompile Include="Transform.cpp">
      <Filter>Components</Filter>
    </ClCompile>
    <ClCompile Include="ResourceManager.cpp">
      <Filter>Managers</Filter>
    </ClCompile>
    <ClCompile Include="SceneManager.cpp">
      <Filter>Managers</Filter>
    </ClCompile>
    <ClCompile Include="ImageRenderer.cpp">
      <Filter>Components</Filter>
    </ClCompile>
    <ClCompile Include="Font.cpp">
      <Filter>DataTypes</Filter>
    </ClCompile>
    <ClCompile Include="Renderer.cpp">
      <Filter>Managers</Filter>
    </ClCompile>
    <ClCompile Include="Scene.cpp">
      <Filter>DataTypes</Filter>
    </ClCompile>
    <ClCompile Include="GameObject.cpp">
      <Filter>DataTypes</Filter>
    </ClCompile>
    <ClCompile Include="Texture2D.cpp">
      <Filter>DataTypes</Filter>
    </ClCompile>
    <ClCompile Include="..\3rdParty\imgui\imgui.cpp">
      <Filter>imgui</Filter>
    </ClCompile>
    <ClCompile Include="..\3rdParty\imgui\imgui_draw.cpp">
      <Filter>imgui</Filter>
    </ClCompile>
    <ClCompile Include="..\3rdParty\imgui\imgui_demo.cpp">
      <Filter>imgui</Filter>
    </ClCompile>
    <ClCompile Include="..\3rdParty\imgui\imgui_widgets.cpp">
      <Filter>imgui</Filter>
    </ClCompile>
    <ClCompile Include="..\3rdParty\imgui\imgui_tables.cpp">
      <Filter>imgui</Filter>
    </ClCompile>
    <ClCompile Include="..\3rdParty\imgui\backends\imgui_impl_sdl2.cpp">
      <Filter>imgui</Filter>
    </ClCompile>
    <ClCompile Include="..\3rdParty\imgui\backends\imgui_impl_opengl3.cpp">
      <Filter>imgui</Filter>
    </ClCompile>
    <ClCompile Include="Vector2.cpp">
      <Filter>DataTypes</Filter>
    </ClCompile>
    <ClCompile Include="..\3rdParty\imgui\imgui_plot.cpp">
      <Filter>Source Files</Filter>
    </ClCompile>
    <ClCompile Include="GUI.cpp">
      <Filter>Source Files</Filter>
    </ClCompile>
    <ClCompile Include="ViewPort.cpp">
      <Filter>DataTypes</Filter>
    </ClCompile>
    <ClCompile Include="InputManager.cpp">
      <Filter>Managers\Input</Filter>
    </ClCompile>
    <ClCompile Include="Command.cpp">
      <Filter>Managers\Input\Commands</Filter>
    </ClCompile>
    <ClCompile Include="Observers.cpp">
      <Filter>Observer</Filter>
    </ClCompile>
    <ClCompile Include="ServiceLocator.cpp">
      <Filter>Managers\Services</Filter>
    </ClCompile>
    <ClCompile Include="BoxCollider2D.cpp">
      <Filter>Components</Filter>
    </ClCompile>
    <ClCompile Include="CircleCollider.cpp">
      <Filter>Components</Filter>
    </ClCompile>
    <ClCompile Include="Collider.cpp">
      <Filter>Components</Filter>
    </ClCompile>
    <ClCompile Include="PhysicsBody.cpp">
      <Filter>Components</Filter>
    </ClCompile>
    <ClCompile Include="Matrix3x3.cpp">
      <Filter>Source Files</Filter>
    </ClCompile>
    <ClCompile Include="GrapEditorCommands.cpp">
      <Filter>EngineCommands</Filter>
    </ClCompile>
    <ClCompile Include="LevelEditor.cpp">
      <Filter>Editors\LevelEditor</Filter>
    </ClCompile>
    <ClCompile Include="ComponentRegistery.cpp">
      <Filter>Managers\Services\ComponentRegistery</Filter>
    </ClCompile>
    <ClCompile Include="PathFinding.cpp">
      <Filter>Managers\Services\PathFinding</Filter>
    </ClCompile>
    <ClCompile Include="SoundSystem.cpp">
      <Filter>Managers\Services\SoundSystem</Filter>
    </ClCompile>
    <ClCompile Include="SDL_SoundSystem.cpp">
      <Filter>Managers\Services\SoundSystem</Filter>
    </ClCompile>
    <ClCompile Include="PhysicsSystem.cpp">
      <Filter>Managers\Services\PhysicsSystem</Filter>
    </ClCompile>
    <ClCompile Include="GraphEditor.cpp">
      <Filter>Editors\GraphEditor</Filter>
    </ClCompile>
    <ClCompile Include="LevelEditorCommands.cpp">
      <Filter>EngineCommands</Filter>
    </ClCompile>
    <ClCompile Include="RenderComponent.cpp">
      <Filter>Components</Filter>
    </ClCompile>
    <ClCompile Include="Animaton.cpp">
      <Filter>Components</Filter>
    </ClCompile>
  </ItemGroup>
</Project>